
Microsoft Visual Studio Solution File, Format Version 12.00
# Visual Studio Version 16
VisualStudioVersion = 16.0.31005.135
MinimumVisualStudioVersion = 10.0.40219.1
Project("{FAE04EC0-301F-11D3-BF4B-00C04F79EFBC}") = "Problem1", "Problem1\Problem1.csproj", "{C2E36B4B-41D2-46F3-B4B7-288431F8F8A8}"
EndProject
Global
	GlobalSection(SolutionConfigurationPlatforms) = preSolution
		Debug|Any CPU = Debug|Any CPU
		Release|Any CPU = Release|Any CPU
	EndGlobalSection
	GlobalSection(ProjectConfigurationPlatforms) = postSolution
		{C2E36B4B-41D2-46F3-B4B7-288431F8F8A8}.Debug|Any CPU.ActiveCfg = Debug|Any CPU
		{C2E36B4B-41D2-46F3-B4B7-288431F8F8A8}.Debug|Any CPU.Build.0 = Debug|Any CPU
		{C2E36B4B-41D2-46F3-B4B7-288431F8F8A8}.Release|Any CPU.ActiveCfg = Release|Any CPU
		{C2E36B4B-41D2-46F3-B4B7-288431F8F8A8}.Release|Any CPU.Build.0 = Release|Any CPU
	EndGlobalSection
	GlobalSection(SolutionProperties) = preSolution
		HideSolutionNode = FALSE
	EndGlobalSection
	GlobalSection(ExtensibilityGlobals) = postSolution
		SolutionGuid = {F1E52448-C443-4634-BFEC-951039D3323F}
	EndGlobalSection
EndGlobal
